# auto-generated by agsync — do not edit
lockVersion: 1
sources:
  agsync:
    registry: github
    version: v1.5.0
    resolved: 9aa637fe9b336bcf21270f26b8d93d0dd27b88d8
    integrity: sha256:ff1d1e11183bd51342c19ca13305a5ba62bc9f8f3c2abe3a77e9ab45a3170272
    fetchedAt: 2026-09-15T16:25:23.154Z
extends: {}
